
Microsoft Visual Studio Solution File, Format Version 12.00
# Visual Studio 14
VisualStudioVersion = 14.0.25420.1
MinimumVisualStudioVersion = 10.0.40219.1
Project("{FAE04EC0-301F-11D3-BF4B-00C04F79EFBC}") = "PortableHelper", "PortableHelper\PortableHelper.csproj", "{23E78700-6114-4E6B-9895-27FE22BDD549}"
EndProject
Project("{FAE04EC0-301F-11D3-BF4B-00C04F79EFBC}") = "RegIssPostProc", "RegIssPostProc\RegIssPostProc.csproj", "{E6D0847C-AA53-4E54-9677-590453F88E14}"
EndProject
Project("{FAE04EC0-301F-11D3-BF4B-00C04F79EFBC}") = "lnk2iss", "lnk2iss\lnk2iss.csproj", "{AFCED938-58AE-4F17-8381-1DEF292790DC}"
EndProject
Project("{FAE04EC0-301F-11D3-BF4B-00C04F79EFBC}") = "VSC.Shared", "VSC.Shared\VSC.Shared.csproj", "{3D35FD39-934E-40D6-8450-D9B030859EF6}"
EndProject
Global
	GlobalSection(SolutionConfigurationPlatforms) = preSolution
		Debug|Any CPU = Debug|Any CPU
		Release|Any CPU = Release|Any CPU
	EndGlobalSection
	GlobalSection(ProjectConfigurationPlatforms) = postSolution
		{23E78700-6114-4E6B-9895-27FE22BDD549}.Debug|Any CPU.ActiveCfg = Debug|Any CPU
		{23E78700-6114-4E6B-9895-27FE22BDD549}.Debug|Any CPU.Build.0 = Debug|Any CPU
		{23E78700-6114-4E6B-9895-27FE22BDD549}.Release|Any CPU.ActiveCfg = Release|Any CPU
		{23E78700-6114-4E6B-9895-27FE22BDD549}.Release|Any CPU.Build.0 = Release|Any CPU
		{E6D0847C-AA53-4E54-9677-590453F88E14}.Debug|Any CPU.ActiveCfg = Debug|Any CPU
		{E6D0847C-AA53-4E54-9677-590453F88E14}.Debug|Any CPU.Build.0 = Debug|Any CPU
		{E6D0847C-AA53-4E54-9677-590453F88E14}.Release|Any CPU.ActiveCfg = Release|Any CPU
		{E6D0847C-AA53-4E54-9677-590453F88E14}.Release|Any CPU.Build.0 = Release|Any CPU
		{AFCED938-58AE-4F17-8381-1DEF292790DC}.Debug|Any CPU.ActiveCfg = Debug|Any CPU
		{AFCED938-58AE-4F17-8381-1DEF292790DC}.Debug|Any CPU.Build.0 = Debug|Any CPU
		{AFCED938-58AE-4F17-8381-1DEF292790DC}.Release|Any CPU.ActiveCfg = Release|Any CPU
		{AFCED938-58AE-4F17-8381-1DEF292790DC}.Release|Any CPU.Build.0 = Release|Any CPU
		{3D35FD39-934E-40D6-8450-D9B030859EF6}.Debug|Any CPU.ActiveCfg = Debug|Any CPU
		{3D35FD39-934E-40D6-8450-D9B030859EF6}.Debug|Any CPU.Build.0 = Debug|Any CPU
		{3D35FD39-934E-40D6-8450-D9B030859EF6}.Release|Any CPU.ActiveCfg = Release|Any CPU
		{3D35FD39-934E-40D6-8450-D9B030859EF6}.Release|Any CPU.Build.0 = Release|Any CPU
	EndGlobalSection
	GlobalSection(SolutionProperties) = preSolution
		HideSolutionNode = FALSE
	EndGlobalSection
EndGlobal
